
Microsoft Visual Studio Solution File, Format Version 12.00
# Visual Studio 15
VisualStudioVersion = 15.0.28010.2003
MinimumVisualStudioVersion = 10.0.40219.1
Project("{FAE04EC0-301F-11D3-BF4B-00C04F79EFBC}") = "PGBtesting", "PGBtesting\PGBtesting.csproj", "{D3797779-E390-47AB-B320-BCC4DF1CF332}"
EndProject
Global
	GlobalSection(SolutionConfigurationPlatforms) = preSolution
		Debug|Any CPU = Debug|Any CPU
		Release|Any CPU = Release|Any CPU
	EndGlobalSection
	GlobalSection(ProjectConfigurationPlatforms) = postSolution
		{D3797779-E390-47AB-B320-BCC4DF1CF332}.Debug|Any CPU.ActiveCfg = Debug|Any CPU
		{D3797779-E390-47AB-B320-BCC4DF1CF332}.Debug|Any CPU.Build.0 = Debug|Any CPU
		{D3797779-E390-47AB-B320-BCC4DF1CF332}.Release|Any CPU.ActiveCfg = Release|Any CPU
		{D3797779-E390-47AB-B320-BCC4DF1CF332}.Release|Any CPU.Build.0 = Release|Any CPU
	EndGlobalSection
	GlobalSection(SolutionProperties) = preSolution
		HideSolutionNode = FALSE
	EndGlobalSection
	GlobalSection(ExtensibilityGlobals) = postSolution
		SolutionGuid = {927E3F73-8594-47A4-8B13-7E89D8740F5D}
	EndGlobalSection
EndGlobal
